
Microsoft Visual Studio Solution File, Format Version 12.00
# Visual Studio Version 16
VisualStudioVersion = 16.0.29009.5
MinimumVisualStudioVersion = 10.0.40219.1
Project("{9A19103F-16F7-4668-BE54-9A1E7A4F7556}") = "WebUnturnedPanel", "WebUnturnedPanel\WebUnturnedPanel.csproj", "{319FC581-8F27-443C-8225-B91946125645}"
EndProject
Global
	GlobalSection(SolutionConfigurationPlatforms) = preSolution
		Debug|Any CPU = Debug|Any CPU
		Release|Any CPU = Release|Any CPU
	EndGlobalSection
	GlobalSection(ProjectConfigurationPlatforms) = postSolution
		{319FC581-8F27-443C-8225-B91946125645}.Debug|Any CPU.ActiveCfg = Debug|Any CPU
		{319FC581-8F27-443C-8225-B91946125645}.Debug|Any CPU.Build.0 = Debug|Any CPU
		{319FC581-8F27-443C-8225-B91946125645}.Release|Any CPU.ActiveCfg = Release|Any CPU
		{319FC581-8F27-443C-8225-B91946125645}.Release|Any CPU.Build.0 = Release|Any CPU
	EndGlobalSection
	GlobalSection(SolutionProperties) = preSolution
		HideSolutionNode = FALSE
	EndGlobalSection
	GlobalSection(ExtensibilityGlobals) = postSolution
		SolutionGuid = {931AD4CE-986F-4051-8744-7D3355A3F76A}
	EndGlobalSection
EndGlobal
